# THIS IS AN AUTOGENERATED FILE. DO NOT EDIT THIS FILE DIRECTLY.
# yarn lockfile v1


miniprogram-api-typings@^3.2.0:
  version "3.2.0"
  resolved "https://registry.npm.taobao.org/miniprogram-api-typings/download/miniprogram-api-typings-3.2.0.tgz#5ba1225393167e242039e4131c343b5a688aea80"
  integrity sha1-W6EiU5MWfiQgOeQTHDQ7WmiK6oA=

prettier@^2.3.2:
  version "2.3.2"
  resolved "https://registry.yarnpkg.com/prettier/-/prettier-2.3.2.tgz#ef280a05ec253712e486233db5c6f23441e7342d"
  integrity sha512-lnJzDfJ66zkMy58OL5/NY5zp70S7Nz6KqcKkXYzn2tMVrNxvbqaBpg7H3qHaLxCJ5lNMsGuM8+ohS7cZrthdLQ==

typescript@^4.0.5:
  version "4.0.5"
  resolved "https://registry.npm.taobao.org/typescript/download/typescript-4.0.5.tgz#ae9dddfd1069f1cb5beb3ef3b2170dd7c1332389"
  integrity sha1-rp3d/RBp8ctb6z7zshcN18EzI4k=
