# THIS IS AN AUTOGENERATED FILE. DO NOT EDIT THIS FILE DIRECTLY.
# yarn lockfile v1


dayjs@^1.10.6:
  version "1.10.6"
  resolved "https://registry.yarnpkg.com/dayjs/-/dayjs-1.10.6.tgz#288b2aa82f2d8418a6c9d4df5898c0737ad02a63"
  integrity sha512-AztC/IOW4L1Q41A86phW5Thhcrco3xuAA+YX/BLpLWWjRcTj5TOt/QImBLmCKlrF7u7k47arTnOyL6GnbG8Hvw==

miniprogram-api-typings@^3.12.0:
  version "3.12.0"
  resolved "https://registry.yarnpkg.com/miniprogram-api-typings/-/miniprogram-api-typings-3.12.0.tgz#c42ba7606b3c7ca93725baa6d0353e02b3edad88"
  integrity sha512-tE0zjq+3bFEgUROzCjXTdtLY+FmqiTX4kZWXc8bCC7M9wSHCriBz+ga1E2i1PcI+DQJoz2cyK8Cv2exJv6XEzA==

prettier@^2.3.2:
  version "2.3.2"
  resolved "https://registry.yarnpkg.com/prettier/-/prettier-2.3.2.tgz#ef280a05ec253712e486233db5c6f23441e7342d"
  integrity sha512-lnJzDfJ66zkMy58OL5/NY5zp70S7Nz6KqcKkXYzn2tMVrNxvbqaBpg7H3qHaLxCJ5lNMsGuM8+ohS7cZrthdLQ==

typescript@^4.3.5:
  version "4.3.5"
  resolved "https://registry.yarnpkg.com/typescript/-/typescript-4.3.5.tgz#4d1c37cc16e893973c45a06886b7113234f119f4"
  integrity sha512-DqQgihaQ9cUrskJo9kIyW/+g0Vxsk8cDtZ52a3NGh0YNTfpUSArXSohyUGnvbPazEPLu398C0UxmKSOrPumUzA==
