# THIS IS AN AUTOGENERATED FILE. DO NOT EDIT THIS FILE DIRECTLY.
# yarn lockfile v1


miniprogram-api-typings@^3.0.1:
  version "3.0.1"
  resolved "https://registry.npmjs.org/miniprogram-api-typings/-/miniprogram-api-typings-3.0.1.tgz#457ef8792bc5dfae31e69f48bf84925df6560c2c"
  integrity sha512-NjAZWuXPEGukiIMVMGGgo2TYgU6ybsloLQEeG838SI2mN+QMpoO+jCtp4G1T3Xi61k24GkcF3HKXnCSbzfyX0A==

typescript@^3.9.7:
  version "3.9.7"
  resolved "https://registry.npmjs.org/typescript/-/typescript-3.9.7.tgz#98d600a5ebdc38f40cb277522f12dc800e9e25fa"
  integrity sha512-BLbiRkiBzAwsjut4x/dsibSTB6yWpwT5qWmC2OfuCg3GgVQCSgMs4vEctYPhsaGtd0AeuuHMkjZ2h2WG8MSzRw==
